
Microsoft Visual Studio Solution File, Format Version 12.00
# Visual Studio Version 17
VisualStudioVersion = 17.0.31710.8
MinimumVisualStudioVersion = 10.0.40219.1
Project("{9A19103F-16F7-4668-BE54-9A1E7A4F7556}") = "Framework", "Framework\Framework.csproj", "{60D6E222-6EE2-4988-87FE-6062CDA63C92}"
EndProject
Project("{9A19103F-16F7-4668-BE54-9A1E7A4F7556}") = "Tests", "Tests1\Tests.csproj", "{5A07D52C-EA36-4747-8FE7-922BF4C767EE}"
EndProject
Global
	GlobalSection(SolutionConfigurationPlatforms) = preSolution
		Debug|Any CPU = Debug|Any CPU
		Release|Any CPU = Release|Any CPU
	EndGlobalSection
	GlobalSection(ProjectConfigurationPlatforms) = postSolution
		{60D6E222-6EE2-4988-87FE-6062CDA63C92}.Debug|Any CPU.ActiveCfg = Debug|Any CPU
		{60D6E222-6EE2-4988-87FE-6062CDA63C92}.Debug|Any CPU.Build.0 = Debug|Any CPU
		{60D6E222-6EE2-4988-87FE-6062CDA63C92}.Release|Any CPU.ActiveCfg = Release|Any CPU
		{60D6E222-6EE2-4988-87FE-6062CDA63C92}.Release|Any CPU.Build.0 = Release|Any CPU
		{5A07D52C-EA36-4747-8FE7-922BF4C767EE}.Debug|Any CPU.ActiveCfg = Debug|Any CPU
		{5A07D52C-EA36-4747-8FE7-922BF4C767EE}.Debug|Any CPU.Build.0 = Debug|Any CPU
		{5A07D52C-EA36-4747-8FE7-922BF4C767EE}.Release|Any CPU.ActiveCfg = Release|Any CPU
		{5A07D52C-EA36-4747-8FE7-922BF4C767EE}.Release|Any CPU.Build.0 = Release|Any CPU
	EndGlobalSection
	GlobalSection(SolutionProperties) = preSolution
		HideSolutionNode = FALSE
	EndGlobalSection
	GlobalSection(ExtensibilityGlobals) = postSolution
		SolutionGuid = {EF0016A5-AC51-4F08-BB88-EF9963ED101F}
	EndGlobalSection
EndGlobal
